
Microsoft Visual Studio Solution File, Format Version 12.00
# Visual Studio 15
VisualStudioVersion = 15.0.28010.0
MinimumVisualStudioVersion = 10.0.40219.1
Project("{FAE04EC0-301F-11D3-BF4B-00C04F79EFBC}") = "SuperAdventure", "SuperAdventure\SuperAdventure.csproj", "{4A743206-4A58-4A9E-B795-09D8D5A3BC51}"
EndProject
Project("{FAE04EC0-301F-11D3-BF4B-00C04F79EFBC}") = "Engine", "Engine\Engine.csproj", "{5716DCA2-1D50-4CA2-B7F3-DE70A752912E}"
EndProject
Global
	GlobalSection(SolutionConfigurationPlatforms) = preSolution
		Debug|Any CPU = Debug|Any CPU
		Release|Any CPU = Release|Any CPU
	EndGlobalSection
	GlobalSection(ProjectConfigurationPlatforms) = postSolution
		{4A743206-4A58-4A9E-B795-09D8D5A3BC51}.Debug|Any CPU.ActiveCfg = Debug|Any CPU
		{4A743206-4A58-4A9E-B795-09D8D5A3BC51}.Debug|Any CPU.Build.0 = Debug|Any CPU
		{4A743206-4A58-4A9E-B795-09D8D5A3BC51}.Release|Any CPU.ActiveCfg = Release|Any CPU
		{4A743206-4A58-4A9E-B795-09D8D5A3BC51}.Release|Any CPU.Build.0 = Release|Any CPU
		{5716DCA2-1D50-4CA2-B7F3-DE70A752912E}.Debug|Any CPU.ActiveCfg = Debug|Any CPU
		{5716DCA2-1D50-4CA2-B7F3-DE70A752912E}.Debug|Any CPU.Build.0 = Debug|Any CPU
		{5716DCA2-1D50-4CA2-B7F3-DE70A752912E}.Release|Any CPU.ActiveCfg = Release|Any CPU
		{5716DCA2-1D50-4CA2-B7F3-DE70A752912E}.Release|Any CPU.Build.0 = Release|Any CPU
	EndGlobalSection
	GlobalSection(SolutionProperties) = preSolution
		HideSolutionNode = FALSE
	EndGlobalSection
	GlobalSection(ExtensibilityGlobals) = postSolution
		SolutionGuid = {74CC5FE3-7274-4B09-B2AA-021770E8BDED}
	EndGlobalSection
EndGlobal
